<Solution>
  <Folder Name="/Tests/">
    <Project Path="IplSuperstoreApp.Server/Tests/IplSuperstoreApp.Server.Tests.csproj" />
  </Folder>
  <Project Path="iplsuperstoreapp.client/iplsuperstoreapp.client.esproj">
    <Build />
    <Deploy />
  </Project>
  <Project Path="IplSuperstoreApp.Server/IplSuperstoreApp.Server.csproj" />
</Solution>
